
Microsoft Visual Studio Solution File, Format Version 12.00
# Visual Studio Version 17
VisualStudioVersion = 17.9.34622.214
MinimumVisualStudioVersion = 10.0.40219.1
Project("{FAE04EC0-301F-11D3-BF4B-00C04F79EFBC}") = "AppRuteoFactuSys", "AppRuteoFactuSys\AppRuteoFactuSys.csproj", "{2348B88E-7E27-44AD-A608-301B6838090E}"
EndProject
Global
	GlobalSection(SolutionConfigurationPlatforms) = preSolution
		Debug|Any CPU = Debug|Any CPU
		Release|Any CPU = Release|Any CPU
	EndGlobalSection
	GlobalSection(ProjectConfigurationPlatforms) = postSolution
		{2348B88E-7E27-44AD-A608-301B6838090E}.Debug|Any CPU.ActiveCfg = Debug|Any CPU
		{2348B88E-7E27-44AD-A608-301B6838090E}.Debug|Any CPU.Build.0 = Debug|Any CPU
		{2348B88E-7E27-44AD-A608-301B6838090E}.Debug|Any CPU.Deploy.0 = Debug|Any CPU
		{2348B88E-7E27-44AD-A608-301B6838090E}.Release|Any CPU.ActiveCfg = Release|Any CPU
		{2348B88E-7E27-44AD-A608-301B6838090E}.Release|Any CPU.Build.0 = Release|Any CPU
		{2348B88E-7E27-44AD-A608-301B6838090E}.Release|Any CPU.Deploy.0 = Release|Any CPU
	EndGlobalSection
	GlobalSection(SolutionProperties) = preSolution
		HideSolutionNode = FALSE
	EndGlobalSection
	GlobalSection(ExtensibilityGlobals) = postSolution
		SolutionGuid = {E98309FF-D0B9-4938-B83F-31CCB794B6E8}
	EndGlobalSection
EndGlobal
